
Microsoft Visual Studio Solution File, Format Version 12.00
# Visual Studio Version 16
VisualStudioVersion = 25.0.1705.2
MinimumVisualStudioVersion = 10.0.40219.1
Project("{FAE04EC0-301F-11D3-BF4B-00C04F79EFBC}") = "Backpack", "Backpack\Backpack.csproj", "{2DF87C63-D24C-4237-990C-00D68560341D}"
EndProject
Project("{FAE04EC0-301F-11D3-BF4B-00C04F79EFBC}") = "Testy", "Testy\Testy.csproj", "{2D4A8FE2-03D5-418C-97FE-2014E20738F5}"
EndProject
Global
	GlobalSection(SolutionConfigurationPlatforms) = preSolution
		Debug|Any CPU = Debug|Any CPU
		Release|Any CPU = Release|Any CPU
	EndGlobalSection
	GlobalSection(ProjectConfigurationPlatforms) = postSolution
		{2DF87C63-D24C-4237-990C-00D68560341D}.Debug|Any CPU.ActiveCfg = Debug|Any CPU
		{2DF87C63-D24C-4237-990C-00D68560341D}.Debug|Any CPU.Build.0 = Debug|Any CPU
		{2DF87C63-D24C-4237-990C-00D68560341D}.Release|Any CPU.ActiveCfg = Release|Any CPU
		{2DF87C63-D24C-4237-990C-00D68560341D}.Release|Any CPU.Build.0 = Release|Any CPU
		{2D4A8FE2-03D5-418C-97FE-2014E20738F5}.Debug|Any CPU.ActiveCfg = Debug|Any CPU
		{2D4A8FE2-03D5-418C-97FE-2014E20738F5}.Debug|Any CPU.Build.0 = Debug|Any CPU
		{2D4A8FE2-03D5-418C-97FE-2014E20738F5}.Release|Any CPU.ActiveCfg = Release|Any CPU
		{2D4A8FE2-03D5-418C-97FE-2014E20738F5}.Release|Any CPU.Build.0 = Release|Any CPU
	EndGlobalSection
	GlobalSection(SolutionProperties) = preSolution
		HideSolutionNode = FALSE
	EndGlobalSection
	GlobalSection(ExtensibilityGlobals) = postSolution
		SolutionGuid = {664BEC0C-253C-4EA7-A7E5-D05737DC585A}
	EndGlobalSection
EndGlobal
