
Microsoft Visual Studio Solution File, Format Version 12.00
# Visual Studio Version 16
VisualStudioVersion = 25.0.1705.3
MinimumVisualStudioVersion = 10.0.40219.1
Project("{FAE04EC0-301F-11D3-BF4B-00C04F79EFBC}") = "Threads_Matrix", "Threads_Matrix\Threads_Matrix.csproj", "{011018B2-C5BA-4D59-B3E2-0DA34D7DBBE5}"
EndProject
Global
	GlobalSection(SolutionConfigurationPlatforms) = preSolution
		Debug|Any CPU = Debug|Any CPU
		Release|Any CPU = Release|Any CPU
	EndGlobalSection
	GlobalSection(ProjectConfigurationPlatforms) = postSolution
		{011018B2-C5BA-4D59-B3E2-0DA34D7DBBE5}.Debug|Any CPU.ActiveCfg = Debug|Any CPU
		{011018B2-C5BA-4D59-B3E2-0DA34D7DBBE5}.Debug|Any CPU.Build.0 = Debug|Any CPU
		{011018B2-C5BA-4D59-B3E2-0DA34D7DBBE5}.Release|Any CPU.ActiveCfg = Release|Any CPU
		{011018B2-C5BA-4D59-B3E2-0DA34D7DBBE5}.Release|Any CPU.Build.0 = Release|Any CPU
	EndGlobalSection
	GlobalSection(SolutionProperties) = preSolution
		HideSolutionNode = FALSE
	EndGlobalSection
	GlobalSection(ExtensibilityGlobals) = postSolution
		SolutionGuid = {F4B9CC1E-9DCB-4CF0-9216-ADD9D674DA60}
	EndGlobalSection
EndGlobal
